github.com/brianvoe/gofakeit/v7 v7.0.3 h1:tGCt+eYfhTMWE1ko5G2EO1f/yE44yNpIwUb4h32O0wo=
github.com/brianvoe/gofakeit/v7 v7.0.3/go.mod h1:QXuPeBw164PJCzCUZVmgpgHJ3Llj49jSLVkKPMtxtxA=
github.com/google/uuid v1.6.0 h1:NIvaJDMOsjHA8n1jAhLSgzrAzy1Hgr+hNrb57e+94F0=
github.com/google/uuid v1.6.0/go.mod h1:TIyPZe4MgqvfeYDBFedMoGGpEw/LqOeaOT+nhxU+yHo=
github.com/jor-go/csrf v1.0.0 h1:LrvjH4DXpaC2MpXbu05PwZAB6lv3jki3F2sBiWKwMh0=
github.com/jor-go/csrf v1.0.0/go.mod h1:Cr1anHX41NTUTH41Gx6cH31/Xx0rPzuWEcfnBfglWCU=
github.com/sethvargo/go-password v0.3.0 h1:OLFHZ91Z7NiNP3dnaPxLxCDXlb6TBuxFzMvv6bu+Ptw=
github.com/sethvargo/go-password v0.3.0/go.mod h1:p6we8DZ0eyYXof9pon7Cqrw98N4KTaYiadDml1dUEEw=
